// !$*UTF8*$!
{
	archiveVersion = 1;
	classes = {
	};
	objectVersion = 48;
	objects = {

/* Begin PBXBuildFile section */
		BE0304B3207211B800E411A2 /* MyScene.sks in Resources */ = {isa = PBXBuildFile; fileRef = BE0304B2207211B800E411A2 /* MyScene.sks */; };
		BE0304FD2072156000E411A2 /* MyScene.sks in Resources */ = {isa = PBXBuildFile; fileRef = BE0304B2207211B800E411A2 /* MyScene.sks */; };
		BE8D5C9220721938000D780A /* mainScene.swift in Sources */ = {isa = PBXBuildFile; fileRef = BE8D5C9120721938000D780A /* mainScene.swift */; };
		BE8D5C9320722322000D780A /* mainScene.swift in Sources */ = {isa = PBXBuildFile; fileRef = BE8D5C9120721938000D780A /* mainScene.swift */; };
		BEC83919202DB7B7006A1B83 /* AppDelegate.swift in Sources */ = {isa = PBXBuildFile; fileRef = BEC83918202DB7B7006A1B83 /* AppDelegate.swift */; };
		BEC8391B202DB7B7006A1B83 /* ViewController.swift in Sources */ = {isa = PBXBuildFile; fileRef = BEC8391A202DB7B7006A1B83 /* ViewController.swift */; };
		BEC8391E202DB7B7006A1B83 /* Main.storyboard in Resources */ = {isa = PBXBuildFile; fileRef = BEC8391C202DB7B7006A1B83 /* Main.storyboard */; };
		BEC83920202DB7B7006A1B83 /* Assets.xcassets in Resources */ = {isa = PBXBuildFile; fileRef = BEC8391F202DB7B7006A1B83 /* Assets.xcassets */; };
		BEC83923202DB7B7006A1B83 /* LaunchScreen.storyboard in Resources */ = {isa = PBXBuildFile; fileRef = BEC83921202DB7B7006A1B83 /* LaunchScreen.storyboard */; };
		BEC8392E202DB7B7006A1B83 /* scrolltestTests.swift in Sources */ = {isa = PBXBuildFile; fileRef = BEC8392D202DB7B7006A1B83 /* scrolltestTests.swift */; };
		BEC83939202DB7B7006A1B83 /* scrolltestUITests.swift in Sources */ = {isa = PBXBuildFile; fileRef = BEC83938202DB7B7006A1B83 /* scrolltestUITests.swift */; };
		BEC8393E202DB7B8006A1B83 /* scrolltest WatchKit App.app in Embed Watch Content */ = {isa = PBXBuildFile; fileRef = BEC8393D202DB7B8006A1B83 /* scrolltest WatchKit App.app */; };
		BEC83944202DB7B8006A1B83 /* Interface.storyboard in Resources */ = {isa = PBXBuildFile; fileRef = BEC83942202DB7B8006A1B83 /* Interface.storyboard */; };
		BEC83946202DB7B8006A1B83 /* Assets.xcassets in Resources */ = {isa = PBXBuildFile; fileRef = BEC83945202DB7B8006A1B83 /* Assets.xcassets */; };
		BEC8394D202DB7B8006A1B83 /* scrolltest WatchKit Extension.appex in Embed App Extensions */ = {isa = PBXBuildFile; fileRef = BEC8394C202DB7B8006A1B83 /* scrolltest WatchKit Extension.appex */; settings = {ATTRIBUTES = (RemoveHeadersOnCopy, ); }; };
		BEC83952202DB7B8006A1B83 /* InterfaceController.swift in Sources */ = {isa = PBXBuildFile; fileRef = BEC83951202DB7B8006A1B83 /* InterfaceController.swift */; };
		BEC83954202DB7B8006A1B83 /* ExtensionDelegate.swift in Sources */ = {isa = PBXBuildFile; fileRef = BEC83953202DB7B8006A1B83 /* ExtensionDelegate.swift */; };
		BEC83956202DB7B8006A1B83 /* NotificationController.swift in Sources */ = {isa = PBXBuildFile; fileRef = BEC83955202DB7B8006A1B83 /* NotificationController.swift */; };
		BEC83958202DB7B8006A1B83 /* Assets.xcassets in Resources */ = {isa = PBXBuildFile; fileRef = BEC83957202DB7B8006A1B83 /* Assets.xcassets */; };
/* End PBXBuildFile section */

/* Begin PBXContainerItemProxy section */
		BEC8392A202DB7B7006A1B83 /* PBXContainerItemProxy */ = {
			isa = PBXContainerItemProxy;
			containerPortal = BEC8390D202DB7B7006A1B83 /* Project object */;
			proxyType = 1;
			remoteGlobalIDString = BEC83914202DB7B7006A1B83;
			remoteInfo = scrolltest;
		};
		BEC83935202DB7B7006A1B83 /* PBXContainerItemProxy */ = {
			isa = PBXContainerItemProxy;
			containerPortal = BEC8390D202DB7B7006A1B83 /* Project object */;
			proxyType = 1;
			remoteGlobalIDString = BEC83914202DB7B7006A1B83;
			remoteInfo = scrolltest;
		};
		BEC8393F202DB7B8006A1B83 /* PBXContainerItemProxy */ = {
			isa = PBXContainerItemProxy;
			containerPortal = BEC8390D202DB7B7006A1B83 /* Project object */;
			proxyType = 1;
			remoteGlobalIDString = BEC8393C202DB7B8006A1B83;
			remoteInfo = "scrolltest WatchKit App";
		};
		BEC8394E202DB7B8006A1B83 /* PBXContainerItemProxy */ = {
			isa = PBXContainerItemProxy;
			containerPortal = BEC8390D202DB7B7006A1B83 /* Project object */;
			proxyType = 1;
			remoteGlobalIDString = BEC8394B202DB7B8006A1B83;
			remoteInfo = "scrolltest WatchKit Extension";
		};
/* End PBXContainerItemProxy section */

/* Begin PBXCopyFilesBuildPhase section */
		BEC83960202DB7B8006A1B83 /* Embed App Extensions */ = {
			isa = PBXCopyFilesBuildPhase;
			buildActionMask = 2147483647;
			dstPath = "";
			dstSubfolderSpec = 13;
			files = (
				BEC8394D202DB7B8006A1B83 /* scrolltest WatchKit Extension.appex in Embed App Extensions */,
			);
			name = "Embed App Extensions";
			runOnlyForDeploymentPostprocessing = 0;
		};
		BEC83964202DB7B8006A1B83 /* Embed Watch Content */ = {
			isa = PBXCopyFilesBuildPhase;
			buildActionMask = 2147483647;
			dstPath = "$(CONTENTS_FOLDER_PATH)/Watch";
			dstSubfolderSpec = 16;
			files = (
				BEC8393E202DB7B8006A1B83 /* scrolltest WatchKit App.app in Embed Watch Content */,
			);
			name = "Embed Watch Content";
			runOnlyForDeploymentPostprocessing = 0;
		};
/* End PBXCopyFilesBuildPhase section */

/* Begin PBXFileReference section */
		BE0304B2207211B800E411A2 /* MyScene.sks */ = {isa = PBXFileReference; lastKnownFileType = file.sks; path = MyScene.sks; sourceTree = "<group>"; };
		BE8D5C9020721938000D780A /* scrolltest WatchKit App-Bridging-Header.h */ = {isa = PBXFileReference; lastKnownFileType = sourcecode.c.h; path = "scrolltest WatchKit App-Bridging-Header.h"; sourceTree = "<group>"; };
		BE8D5C9120721938000D780A /* mainScene.swift */ = {isa = PBXFileReference; lastKnownFileType = sourcecode.swift; path = mainScene.swift; sourceTree = "<group>"; };
		BEC83915202DB7B7006A1B83 /* scrolltest.app */ = {isa = PBXFileReference; explicitFileType = wrapper.application; includeInIndex = 0; path = scrolltest.app; sourceTree = BUILT_PRODUCTS_DIR; };
		BEC83918202DB7B7006A1B83 /* AppDelegate.swift */ = {isa = PBXFileReference; lastKnownFileType = sourcecode.swift; path = AppDelegate.swift; sourceTree = "<group>"; };
		BEC8391A202DB7B7006A1B83 /* ViewController.swift */ = {isa = PBXFileReference; lastKnownFileType = sourcecode.swift; path = ViewController.swift; sourceTree = "<group>"; };
		BEC8391D202DB7B7006A1B83 /* Base */ = {isa = PBXFileReference; lastKnownFileType = file.storyboard; name = Base; path = Base.lproj/Main.storyboard; sourceTree = "<group>"; };
		BEC8391F202DB7B7006A1B83 /* Assets.xcassets */ = {isa = PBXFileReference; lastKnownFileType = folder.assetcatalog; path = Assets.xcassets; sourceTree = "<group>"; };
		BEC83922202DB7B7006A1B83 /* Base */ = {isa = PBXFileReference; lastKnownFileType = file.storyboard; name = Base; path = Base.lproj/LaunchScreen.storyboard; sourceTree = "<group>"; };
		BEC83924202DB7B7006A1B83 /* Info.plist */ = {isa = PBXFileReference; lastKnownFileType = text.plist.xml; path = Info.plist; sourceTree = "<group>"; };
		BEC83929202DB7B7006A1B83 /* scrolltestTests.xctest */ = {isa = PBXFileReference; explicitFileType = wrapper.cfbundle; includeInIndex = 0; path = scrolltestTests.xctest; sourceTree = BUILT_PRODUCTS_DIR; };
		BEC8392D202DB7B7006A1B83 /* scrolltestTests.swift */ = {isa = PBXFileReference; lastKnownFileType = sourcecode.swift; path = scrolltestTests.swift; sourceTree = "<group>"; };
		BEC8392F202DB7B7006A1B83 /* Info.plist */ = {isa = PBXFileReference; lastKnownFileType = text.plist.xml; path = Info.plist; sourceTree = "<group>"; };
		BEC83934202DB7B7006A1B83 /* scrolltestUITests.xctest */ = {isa = PBXFileReference; explicitFileType = wrapper.cfbundle; includeInIndex = 0; path = scrolltestUITests.xctest; sourceTree = BUILT_PRODUCTS_DIR; };
		BEC83938202DB7B7006A1B83 /* scrolltestUITests.swift */ = {isa = PBXFileReference; lastKnownFileType = sourcecode.swift; path = scrolltestUITests.swift; sourceTree = "<group>"; };
		BEC8393A202DB7B7006A1B83 /* Info.plist */ = {isa = PBXFileReference; lastKnownFileType = text.plist.xml; path = Info.plist; sourceTree = "<group>"; };
		BEC8393D202DB7B8006A1B83 /* scrolltest WatchKit App.app */ = {isa = PBXFileReference; explicitFileType = wrapper.application; includeInIndex = 0; path = "scrolltest WatchKit App.app"; sourceTree = BUILT_PRODUCTS_DIR; };
		BEC83943202DB7B8006A1B83 /* Base */ = {isa = PBXFileReference; lastKnownFileType = file.storyboard; name = Base; path = Base.lproj/Interface.storyboard; sourceTree = "<group>"; };
		BEC83945202DB7B8006A1B83 /* Assets.xcassets */ = {isa = PBXFileReference; lastKnownFileType = folder.assetcatalog; path = Assets.xcassets; sourceTree = "<group>"; };
		BEC83947202DB7B8006A1B83 /* Info.plist */ = {isa = PBXFileReference; lastKnownFileType = text.plist.xml; path = Info.plist; sourceTree = "<group>"; };
		BEC8394C202DB7B8006A1B83 /* scrolltest WatchKit Extension.appex */ = {isa = PBXFileReference; explicitFileType = "wrapper.app-extension"; includeInIndex = 0; path = "scrolltest WatchKit Extension.appex"; sourceTree = BUILT_PRODUCTS_DIR; };
		BEC83951202DB7B8006A1B83 /* InterfaceController.swift */ = {isa = PBXFileReference; lastKnownFileType = sourcecode.swift; path = InterfaceController.swift; sourceTree = "<group>"; };
		BEC83953202DB7B8006A1B83 /* ExtensionDelegate.swift */ = {isa = PBXFileReference; lastKnownFileType = sourcecode.swift; path = ExtensionDelegate.swift; sourceTree = "<group>"; };
		BEC83955202DB7B8006A1B83 /* NotificationController.swift */ = {isa = PBXFileReference; lastKnownFileType = sourcecode.swift; path = NotificationController.swift; sourceTree = "<group>"; };
		BEC83957202DB7B8006A1B83 /* Assets.xcassets */ = {isa = PBXFileReference; lastKnownFileType = folder.assetcatalog; path = Assets.xcassets; sourceTree = "<group>"; };
		BEC83959202DB7B8006A1B83 /* Info.plist */ = {isa = PBXFileReference; lastKnownFileType = text.plist.xml; path = Info.plist; sourceTree = "<group>"; };
		BEC8395A202DB7B8006A1B83 /* PushNotificationPayload.apns */ = {isa = PBXFileReference; lastKnownFileType = text; path = PushNotificationPayload.apns; sourceTree = "<group>"; };
/* End PBXFileReference section */

/* Begin PBXFrameworksBuildPhase section */
		BEC83912202DB7B7006A1B83 /* Frameworks */ = {
			isa = PBXFrameworksBuildPhase;
			buildActionMask = 2147483647;
			files = (
			);
			runOnlyForDeploymentPostprocessing = 0;
		};
		BEC83926202DB7B7006A1B83 /* Frameworks */ = {
			isa = PBXFrameworksBuildPhase;
			buildActionMask = 2147483647;
			files = (
			);
			runOnlyForDeploymentPostprocessing = 0;
		};
		BEC83931202DB7B7006A1B83 /* Frameworks */ = {
			isa = PBXFrameworksBuildPhase;
			buildActionMask = 2147483647;
			files = (
			);
			runOnlyForDeploymentPostprocessing = 0;
		};
		BEC83949202DB7B8006A1B83 /* Frameworks */ = {
			isa = PBXFrameworksBuildPhase;
			buildActionMask = 2147483647;
			files = (
			);
			runOnlyForDeploymentPostprocessing = 0;
		};
/* End PBXFrameworksBuildPhase section */

/* Begin PBXGroup section */
		BEC8390C202DB7B7006A1B83 = {
			isa = PBXGroup;
			children = (
				BEC83917202DB7B7006A1B83 /* scrolltest */,
				BEC8392C202DB7B7006A1B83 /* scrolltestTests */,
				BEC83937202DB7B7006A1B83 /* scrolltestUITests */,
				BEC83941202DB7B8006A1B83 /* scrolltest WatchKit App */,
				BEC83950202DB7B8006A1B83 /* scrolltest WatchKit Extension */,
				BEC83916202DB7B7006A1B83 /* Products */,
			);
			sourceTree = "<group>";
		};
		BEC83916202DB7B7006A1B83 /* Products */ = {
			isa = PBXGroup;
			children = (
				BEC83915202DB7B7006A1B83 /* scrolltest.app */,
				BEC83929202DB7B7006A1B83 /* scrolltestTests.xctest */,
				BEC83934202DB7B7006A1B83 /* scrolltestUITests.xctest */,
				BEC8393D202DB7B8006A1B83 /* scrolltest WatchKit App.app */,
				BEC8394C202DB7B8006A1B83 /* scrolltest WatchKit Extension.appex */,
			);
			name = Products;
			sourceTree = "<group>";
		};
		BEC83917202DB7B7006A1B83 /* scrolltest */ = {
			isa = PBXGroup;
			children = (
				BEC83918202DB7B7006A1B83 /* AppDelegate.swift */,
				BEC8391A202DB7B7006A1B83 /* ViewController.swift */,
				BEC8391C202DB7B7006A1B83 /* Main.storyboard */,
				BEC8391F202DB7B7006A1B83 /* Assets.xcassets */,
				BEC83921202DB7B7006A1B83 /* LaunchScreen.storyboard */,
				BEC83924202DB7B7006A1B83 /* Info.plist */,
			);
			path = scrolltest;
			sourceTree = "<group>";
		};
		BEC8392C202DB7B7006A1B83 /* scrolltestTests */ = {
			isa = PBXGroup;
			children = (
				BEC8392D202DB7B7006A1B83 /* scrolltestTests.swift */,
				BEC8392F202DB7B7006A1B83 /* Info.plist */,
			);
			path = scrolltestTests;
			sourceTree = "<group>";
		};
		BEC83937202DB7B7006A1B83 /* scrolltestUITests */ = {
			isa = PBXGroup;
			children = (
				BEC83938202DB7B7006A1B83 /* scrolltestUITests.swift */,
				BEC8393A202DB7B7006A1B83 /* Info.plist */,
			);
			path = scrolltestUITests;
			sourceTree = "<group>";
		};
		BEC83941202DB7B8006A1B83 /* scrolltest WatchKit App */ = {
			isa = PBXGroup;
			children = (
				BEC83942202DB7B8006A1B83 /* Interface.storyboard */,
				BE0304B2207211B800E411A2 /* MyScene.sks */,
				BE8D5C9120721938000D780A /* mainScene.swift */,
				BEC83945202DB7B8006A1B83 /* Assets.xcassets */,
				BEC83947202DB7B8006A1B83 /* Info.plist */,
				BE8D5C9020721938000D780A /* scrolltest WatchKit App-Bridging-Header.h */,
			);
			path = "scrolltest WatchKit App";
			sourceTree = "<group>";
		};
		BEC83950202DB7B8006A1B83 /* scrolltest WatchKit Extension */ = {
			isa = PBXGroup;
			children = (
				BEC83951202DB7B8006A1B83 /* InterfaceController.swift */,
				BEC83953202DB7B8006A1B83 /* ExtensionDelegate.swift */,
				BEC83955202DB7B8006A1B83 /* NotificationController.swift */,
				BEC83957202DB7B8006A1B83 /* Assets.xcassets */,
				BEC83959202DB7B8006A1B83 /* Info.plist */,
				BEC8395A202DB7B8006A1B83 /* PushNotificationPayload.apns */,
			);
			path = "scrolltest WatchKit Extension";
			sourceTree = "<group>";
		};
/* End PBXGroup section */

/* Begin PBXNativeTarget section */
		BEC83914202DB7B7006A1B83 /* scrolltest */ = {
			isa = PBXNativeTarget;
			buildConfigurationList = BEC83965202DB7B8006A1B83 /* Build configuration list for PBXNativeTarget "scrolltest" */;
			buildPhases = (
				BEC83911202DB7B7006A1B83 /* Sources */,
				BEC83912202DB7B7006A1B83 /* Frameworks */,
				BEC83913202DB7B7006A1B83 /* Resources */,
				BEC83964202DB7B8006A1B83 /* Embed Watch Content */,
			);
			buildRules = (
			);
			dependencies = (
				BEC83940202DB7B8006A1B83 /* PBXTargetDependency */,
			);
			name = scrolltest;
			productName = scrolltest;
			productReference = BEC83915202DB7B7006A1B83 /* scrolltest.app */;
			productType = "com.apple.product-type.application";
		};
		BEC83928202DB7B7006A1B83 /* scrolltestTests */ = {
			isa = PBXNativeTarget;
			buildConfigurationList = BEC83968202DB7B8006A1B83 /* Build configuration list for PBXNativeTarget "scrolltestTests" */;
			buildPhases = (
				BEC83925202DB7B7006A1B83 /* Sources */,
				BEC83926202DB7B7006A1B83 /* Frameworks */,
				BEC83927202DB7B7006A1B83 /* Resources */,
			);
			buildRules = (
			);
			dependencies = (
				BEC8392B202DB7B7006A1B83 /* PBXTargetDependency */,
			);
			name = scrolltestTests;
			productName = scrolltestTests;
			productReference = BEC83929202DB7B7006A1B83 /* scrolltestTests.xctest */;
			productType = "com.apple.product-type.bundle.unit-test";
		};
		BEC83933202DB7B7006A1B83 /* scrolltestUITests */ = {
			isa = PBXNativeTarget;
			buildConfigurationList = BEC8396B202DB7B8006A1B83 /* Build configuration list for PBXNativeTarget "scrolltestUITests" */;
			buildPhases = (
				BEC83930202DB7B7006A1B83 /* Sources */,
				BEC83931202DB7B7006A1B83 /* Frameworks */,
				BEC83932202DB7B7006A1B83 /* Resources */,
			);
			buildRules = (
			);
			dependencies = (
				BEC83936202DB7B7006A1B83 /* PBXTargetDependency */,
			);
			name = scrolltestUITests;
			productName = scrolltestUITests;
			productReference = BEC83934202DB7B7006A1B83 /* scrolltestUITests.xctest */;
			productType = "com.apple.product-type.bundle.ui-testing";
		};
		BEC8393C202DB7B8006A1B83 /* scrolltest WatchKit App */ = {
			isa = PBXNativeTarget;
			buildConfigurationList = BEC83961202DB7B8006A1B83 /* Build configuration list for PBXNativeTarget "scrolltest WatchKit App" */;
			buildPhases = (
				BEC8393B202DB7B8006A1B83 /* Resources */,
				BEC83960202DB7B8006A1B83 /* Embed App Extensions */,
			);
			buildRules = (
			);
			dependencies = (
				BEC8394F202DB7B8006A1B83 /* PBXTargetDependency */,
			);
			name = "scrolltest WatchKit App";
			productName = "scrolltest WatchKit App";
			productReference = BEC8393D202DB7B8006A1B83 /* scrolltest WatchKit App.app */;
			productType = "com.apple.product-type.application.watchapp2";
		};
		BEC8394B202DB7B8006A1B83 /* scrolltest WatchKit Extension */ = {
			isa = PBXNativeTarget;
			buildConfigurationList = BEC8395D202DB7B8006A1B83 /* Build configuration list for PBXNativeTarget "scrolltest WatchKit Extension" */;
			buildPhases = (
				BEC83948202DB7B8006A1B83 /* Sources */,
				BEC83949202DB7B8006A1B83 /* Frameworks */,
				BEC8394A202DB7B8006A1B83 /* Resources */,
			);
			buildRules = (
			);
			dependencies = (
			);
			name = "scrolltest WatchKit Extension";
			productName = "scrolltest WatchKit Extension";
			productReference = BEC8394C202DB7B8006A1B83 /* scrolltest WatchKit Extension.appex */;
			productType = "com.apple.product-type.watchkit2-extension";
		};
/* End PBXNativeTarget section */

/* Begin PBXProject section */
		BEC8390D202DB7B7006A1B83 /* Project object */ = {
			isa = PBXProject;
			attributes = {
				LastSwiftUpdateCheck = 0920;
				LastUpgradeCheck = 0920;
				ORGANIZATIONNAME = "Will Bishop";
				TargetAttributes = {
					BEC83914202DB7B7006A1B83 = {
						CreatedOnToolsVersion = 9.2;
						ProvisioningStyle = Automatic;
					};
					BEC83928202DB7B7006A1B83 = {
						CreatedOnToolsVersion = 9.2;
						ProvisioningStyle = Automatic;
						TestTargetID = BEC83914202DB7B7006A1B83;
					};
					BEC83933202DB7B7006A1B83 = {
						CreatedOnToolsVersion = 9.2;
						ProvisioningStyle = Automatic;
						TestTargetID = BEC83914202DB7B7006A1B83;
					};
					BEC8393C202DB7B8006A1B83 = {
						CreatedOnToolsVersion = 9.2;
						LastSwiftMigration = 0920;
						ProvisioningStyle = Automatic;
					};
					BEC8394B202DB7B8006A1B83 = {
						CreatedOnToolsVersion = 9.2;
						ProvisioningStyle = Automatic;
					};
				};
			};
			buildConfigurationList = BEC83910202DB7B7006A1B83 /* Build configuration list for PBXProject "scrolltest" */;
			compatibilityVersion = "Xcode 8.0";
			developmentRegion = en;
			hasScannedForEncodings = 0;
			knownRegions = (
				en,
				Base,
			);
			mainGroup = BEC8390C202DB7B7006A1B83;
			productRefGroup = BEC83916202DB7B7006A1B83 /* Products */;
			projectDirPath = "";
			projectRoot = "";
			targets = (
				BEC83914202DB7B7006A1B83 /* scrolltest */,
				BEC83928202DB7B7006A1B83 /* scrolltestTests */,
				BEC83933202DB7B7006A1B83 /* scrolltestUITests */,
				BEC8393C202DB7B8006A1B83 /* scrolltest WatchKit App */,
				BEC8394B202DB7B8006A1B83 /* scrolltest WatchKit Extension */,
			);
		};
/* End PBXProject section */

/* Begin PBXResourcesBuildPhase section */
		BEC83913202DB7B7006A1B83 /* Resources */ = {
			isa = PBXResourcesBuildPhase;
			buildActionMask = 2147483647;
			files = (
				BEC83923202DB7B7006A1B83 /* LaunchScreen.storyboard in Resources */,
				BEC83920202DB7B7006A1B83 /* Assets.xcassets in Resources */,
				BEC8391E202DB7B7006A1B83 /* Main.storyboard in Resources */,
			);
			runOnlyForDeploymentPostprocessing = 0;
		};
		BEC83927202DB7B7006A1B83 /* Resources */ = {
			isa = PBXResourcesBuildPhase;
			buildActionMask = 2147483647;
			files = (
			);
			runOnlyForDeploymentPostprocessing = 0;
		};
		BEC83932202DB7B7006A1B83 /* Resources */ = {
			isa = PBXResourcesBuildPhase;
			buildActionMask = 2147483647;
			files = (
			);
			runOnlyForDeploymentPostprocessing = 0;
		};
		BEC8393B202DB7B8006A1B83 /* Resources */ = {
			isa = PBXResourcesBuildPhase;
			buildActionMask = 2147483647;
			files = (
				BEC83946202DB7B8006A1B83 /* Assets.xcassets in Resources */,
				BE0304B3207211B800E411A2 /* MyScene.sks in Resources */,
				BEC83944202DB7B8006A1B83 /* Interface.storyboard in Resources */,
			);
			runOnlyForDeploymentPostprocessing = 0;
		};
		BEC8394A202DB7B8006A1B83 /* Resources */ = {
			isa = PBXResourcesBuildPhase;
			buildActionMask = 2147483647;
			files = (
				BE0304FD2072156000E411A2 /* MyScene.sks in Resources */,
				BEC83958202DB7B8006A1B83 /* Assets.xcassets in Resources */,
			);
			runOnlyForDeploymentPostprocessing = 0;
		};
/* End PBXResourcesBuildPhase section */

/* Begin PBXSourcesBuildPhase section */
		BEC83911202DB7B7006A1B83 /* Sources */ = {
			isa = PBXSourcesBuildPhase;
			buildActionMask = 2147483647;
			files = (
				BEC8391B202DB7B7006A1B83 /* ViewController.swift in Sources */,
				BE8D5C9320722322000D780A /* mainScene.swift in Sources */,
				BEC83919202DB7B7006A1B83 /* AppDelegate.swift in Sources */,
			);
			runOnlyForDeploymentPostprocessing = 0;
		};
		BEC83925202DB7B7006A1B83 /* Sources */ = {
			isa = PBXSourcesBuildPhase;
			buildActionMask = 2147483647;
			files = (
				BEC8392E202DB7B7006A1B83 /* scrolltestTests.swift in Sources */,
			);
			runOnlyForDeploymentPostprocessing = 0;
		};
		BEC83930202DB7B7006A1B83 /* Sources */ = {
			isa = PBXSourcesBuildPhase;
			buildActionMask = 2147483647;
			files = (
				BEC83939202DB7B7006A1B83 /* scrolltestUITests.swift in Sources */,
			);
			runOnlyForDeploymentPostprocessing = 0;
		};
		BEC83948202DB7B8006A1B83 /* Sources */ = {
			isa = PBXSourcesBuildPhase;
			buildActionMask = 2147483647;
			files = (
				BEC83956202DB7B8006A1B83 /* NotificationController.swift in Sources */,
				BE8D5C9220721938000D780A /* mainScene.swift in Sources */,
				BEC83954202DB7B8006A1B83 /* ExtensionDelegate.swift in Sources */,
				BEC83952202DB7B8006A1B83 /* InterfaceController.swift in Sources */,
			);
			runOnlyForDeploymentPostprocessing = 0;
		};
/* End PBXSourcesBuildPhase section */

/* Begin PBXTargetDependency section */
		BEC8392B202DB7B7006A1B83 /* PBXTargetDependency */ = {
			isa = PBXTargetDependency;
			target = BEC83914202DB7B7006A1B83 /* scrolltest */;
			targetProxy = BEC8392A202DB7B7006A1B83 /* PBXContainerItemProxy */;
		};
		BEC83936202DB7B7006A1B83 /* PBXTargetDependency */ = {
			isa = PBXTargetDependency;
			target = BEC83914202DB7B7006A1B83 /* scrolltest */;
			targetProxy = BEC83935202DB7B7006A1B83 /* PBXContainerItemProxy */;
		};
		BEC83940202DB7B8006A1B83 /* PBXTargetDependency */ = {
			isa = PBXTargetDependency;
			target = BEC8393C202DB7B8006A1B83 /* scrolltest WatchKit App */;
			targetProxy = BEC8393F202DB7B8006A1B83 /* PBXContainerItemProxy */;
		};
		BEC8394F202DB7B8006A1B83 /* PBXTargetDependency */ = {
			isa = PBXTargetDependency;
			target = BEC8394B202DB7B8006A1B83 /* scrolltest WatchKit Extension */;
			targetProxy = BEC8394E202DB7B8006A1B83 /* PBXContainerItemProxy */;
		};
/* End PBXTargetDependency section */

/* Begin PBXVariantGroup section */
		BEC8391C202DB7B7006A1B83 /* Main.storyboard */ = {
			isa = PBXVariantGroup;
			children = (
				BEC8391D202DB7B7006A1B83 /* Base */,
			);
			name = Main.storyboard;
			sourceTree = "<group>";
		};
		BEC83921202DB7B7006A1B83 /* LaunchScreen.storyboard */ = {
			isa = PBXVariantGroup;
			children = (
				BEC83922202DB7B7006A1B83 /* Base */,
			);
			name = LaunchScreen.storyboard;
			sourceTree = "<group>";
		};
		BEC83942202DB7B8006A1B83 /* Interface.storyboard */ = {
			isa = PBXVariantGroup;
			children = (
				BEC83943202DB7B8006A1B83 /* Base */,
			);
			name = Interface.storyboard;
			sourceTree = "<group>";
		};
/* End PBXVariantGroup section */

/* Begin XCBuildConfiguration section */
		BEC8395B202DB7B8006A1B83 /* Debug */ = {
			isa = XCBuildConfiguration;
			buildSettings = {
				ALWAYS_SEARCH_USER_PATHS = NO;
				CLANG_ANALYZER_NONNULL = YES;
				CLANG_ANALYZER_NUMBER_OBJECT_CONVERSION = YES_AGGRESSIVE;
				CLANG_CXX_LANGUAGE_STANDARD = "gnu++14";
				CLANG_CXX_LIBRARY = "libc++";
				CLANG_ENABLE_MODULES = YES;
				CLANG_ENABLE_OBJC_ARC = YES;
				CLANG_WARN_BLOCK_CAPTURE_AUTORELEASING = YES;
				CLANG_WARN_BOOL_CONVERSION = YES;
				CLANG_WARN_COMMA = YES;
				CLANG_WARN_CONSTANT_CONVERSION = YES;
				CLANG_WARN_DIRECT_OBJC_ISA_USAGE = YES_ERROR;
				CLANG_WARN_DOCUMENTATION_COMMENTS = YES;
				CLANG_WARN_EMPTY_BODY = YES;
				CLANG_WARN_ENUM_CONVERSION = YES;
				CLANG_WARN_INFINITE_RECURSION = YES;
				CLANG_WARN_INT_CONVERSION = YES;
				CLANG_WARN_NON_LITERAL_NULL_CONVERSION = YES;
				CLANG_WARN_OBJC_LITERAL_CONVERSION = YES;
				CLANG_WARN_OBJC_ROOT_CLASS = YES_ERROR;
				CLANG_WARN_RANGE_LOOP_ANALYSIS = YES;
				CLANG_WARN_STRICT_PROTOTYPES = YES;
				CLANG_WARN_SUSPICIOUS_MOVE = YES;
				CLANG_WARN_UNGUARDED_AVAILABILITY = YES_AGGRESSIVE;
				CLANG_WARN_UNREACHABLE_CODE = YES;
				CLANG_WARN__DUPLICATE_METHOD_MATCH = YES;
				CODE_SIGN_IDENTITY = "iPhone Developer";
				COPY_PHASE_STRIP = NO;
				DEBUG_INFORMATION_FORMAT = dwarf;
				ENABLE_STRICT_OBJC_MSGSEND = YES;
				ENABLE_TESTABILITY = YES;
				GCC_C_LANGUAGE_STANDARD = gnu11;
				GCC_DYNAMIC_NO_PIC = NO;
				GCC_NO_COMMON_BLOCKS = YES;
				GCC_OPTIMIZATION_LEVEL = 0;
				GCC_PREPROCESSOR_DEFINITIONS = (
					"DEBUG=1",
					"$(inherited)",
				);
				GCC_WARN_64_TO_32_BIT_CONVERSION = YES;
				GCC_WARN_ABOUT_RETURN_TYPE = YES_ERROR;
				GCC_WARN_UNDECLARED_SELECTOR = YES;
				GCC_WARN_UNINITIALIZED_AUTOS = YES_AGGRESSIVE;
				GCC_WARN_UNUSED_FUNCTION = YES;
				GCC_WARN_UNUSED_VARIABLE = YES;
				IPHONEOS_DEPLOYMENT_TARGET = 11.2;
				MTL_ENABLE_DEBUG_INFO = YES;
				ONLY_ACTIVE_ARCH = YES;
				SDKROOT = iphoneos;
				SWIFT_ACTIVE_COMPILATION_CONDITIONS = DEBUG;
				SWIFT_OPTIMIZATION_LEVEL = "-Onone";
			};
			name = Debug;
		};
		BEC8395C202DB7B8006A1B83 /* Release */ = {
			isa = XCBuildConfiguration;
			buildSettings = {
				ALWAYS_SEARCH_USER_PATHS = NO;
				CLANG_ANALYZER_NONNULL = YES;
				CLANG_ANALYZER_NUMBER_OBJECT_CONVERSION = YES_AGGRESSIVE;
				CLANG_CXX_LANGUAGE_STANDARD = "gnu++14";
				CLANG_CXX_LIBRARY = "libc++";
				CLANG_ENABLE_MODULES = YES;
				CLANG_ENABLE_OBJC_ARC = YES;
				CLANG_WARN_BLOCK_CAPTURE_AUTORELEASING = YES;
				CLANG_WARN_BOOL_CONVERSION = YES;
				CLANG_WARN_COMMA = YES;
				CLANG_WARN_CONSTANT_CONVERSION = YES;
				CLANG_WARN_DIRECT_OBJC_ISA_USAGE = YES_ERROR;
				CLANG_WARN_DOCUMENTATION_COMMENTS = YES;
				CLANG_WARN_EMPTY_BODY = YES;
				CLANG_WARN_ENUM_CONVERSION = YES;
				CLANG_WARN_INFINITE_RECURSION = YES;
				CLANG_WARN_INT_CONVERSION = YES;
				CLANG_WARN_NON_LITERAL_NULL_CONVERSION = YES;
				CLANG_WARN_OBJC_LITERAL_CONVERSION = YES;
				CLANG_WARN_OBJC_ROOT_CLASS = YES_ERROR;
				CLANG_WARN_RANGE_LOOP_ANALYSIS = YES;
				CLANG_WARN_STRICT_PROTOTYPES = YES;
				CLANG_WARN_SUSPICIOUS_MOVE = YES;
				CLANG_WARN_UNGUARDED_AVAILABILITY = YES_AGGRESSIVE;
				CLANG_WARN_UNREACHABLE_CODE = YES;
				CLANG_WARN__DUPLICATE_METHOD_MATCH = YES;
				CODE_SIGN_IDENTITY = "iPhone Developer";
				COPY_PHASE_STRIP = NO;
				DEBUG_INFORMATION_FORMAT = "dwarf-with-dsym";
				ENABLE_NS_ASSERTIONS = NO;
				ENABLE_STRICT_OBJC_MSGSEND = YES;
				GCC_C_LANGUAGE_STANDARD = gnu11;
				GCC_NO_COMMON_BLOCKS = YES;
				GCC_WARN_64_TO_32_BIT_CONVERSION = YES;
				GCC_WARN_ABOUT_RETURN_TYPE = YES_ERROR;
				GCC_WARN_UNDECLARED_SELECTOR = YES;
				GCC_WARN_UNINITIALIZED_AUTOS = YES_AGGRESSIVE;
				GCC_WARN_UNUSED_FUNCTION = YES;
				GCC_WARN_UNUSED_VARIABLE = YES;
				IPHONEOS_DEPLOYMENT_TARGET = 11.2;
				MTL_ENABLE_DEBUG_INFO = NO;
				SDKROOT = iphoneos;
				SWIFT_OPTIMIZATION_LEVEL = "-Owholemodule";
				VALIDATE_PRODUCT = YES;
			};
			name = Release;
		};
		BEC8395E202DB7B8006A1B83 /* Debug */ = {
			isa = XCBuildConfiguration;
			buildSettings = {
				ASSETCATALOG_COMPILER_COMPLICATION_NAME = Complication;
				CODE_SIGN_STYLE = Automatic;
				DEVELOPMENT_TEAM = J6K4D5R5JQ;
				INFOPLIST_FILE = "scrolltest WatchKit Extension/Info.plist";
				LD_RUNPATH_SEARCH_PATHS = "$(inherited) @executable_path/Frameworks @executable_path/../../Frameworks";
				PRODUCT_BUNDLE_IDENTIFIER = com.willbishop.scrolltest.watchkitapp.watchkitextension;
				PRODUCT_NAME = "${TARGET_NAME}";
				SDKROOT = watchos;
				SKIP_INSTALL = YES;
				SWIFT_VERSION = 4.0;
				TARGETED_DEVICE_FAMILY = 4;
				WATCHOS_DEPLOYMENT_TARGET = 4.2;
			};
			name = Debug;
		};
		BEC8395F202DB7B8006A1B83 /* Release */ = {
			isa = XCBuildConfiguration;
			buildSettings = {
				ASSETCATALOG_COMPILER_COMPLICATION_NAME = Complication;
				CODE_SIGN_STYLE = Automatic;
				DEVELOPMENT_TEAM = J6K4D5R5JQ;
				INFOPLIST_FILE = "scrolltest WatchKit Extension/Info.plist";
				LD_RUNPATH_SEARCH_PATHS = "$(inherited) @executable_path/Frameworks @executable_path/../../Frameworks";
				PRODUCT_BUNDLE_IDENTIFIER = com.willbishop.scrolltest.watchkitapp.watchkitextension;
				PRODUCT_NAME = "${TARGET_NAME}";
				SDKROOT = watchos;
				SKIP_INSTALL = YES;
				SWIFT_VERSION = 4.0;
				TARGETED_DEVICE_FAMILY = 4;
				WATCHOS_DEPLOYMENT_TARGET = 4.2;
			};
			name = Release;
		};
		BEC83962202DB7B8006A1B83 /* Debug */ = {
			isa = XCBuildConfiguration;
			buildSettings = {
				ALWAYS_EMBED_SWIFT_STANDARD_LIBRARIES = YES;
				ASSETCATALOG_COMPILER_APPICON_NAME = AppIcon;
				CLANG_ENABLE_MODULES = YES;
				CODE_SIGN_STYLE = Automatic;
				DEVELOPMENT_TEAM = J6K4D5R5JQ;
				IBSC_MODULE = scrolltest_WatchKit_Extension;
				INFOPLIST_FILE = "scrolltest WatchKit App/Info.plist";
				LD_RUNPATH_SEARCH_PATHS = "$(inherited) @executable_path/../Frameworks @loader_path/../Frameworks";
				PRODUCT_BUNDLE_IDENTIFIER = com.willbishop.scrolltest.watchkitapp;
				PRODUCT_NAME = "$(TARGET_NAME)";
				SDKROOT = watchos;
				SKIP_INSTALL = YES;
				SWIFT_OBJC_BRIDGING_HEADER = "scrolltest WatchKit App/scrolltest WatchKit App-Bridging-Header.h";
				SWIFT_OPTIMIZATION_LEVEL = "-Onone";
				SWIFT_VERSION = 4.0;
				TARGETED_DEVICE_FAMILY = 4;
				WATCHOS_DEPLOYMENT_TARGET = 4.2;
			};
			name = Debug;
		};
		BEC83963202DB7B8006A1B83 /* Release */ = {
			isa = XCBuildConfiguration;
			buildSettings = {
				ALWAYS_EMBED_SWIFT_STANDARD_LIBRARIES = YES;
				ASSETCATALOG_COMPILER_APPICON_NAME = AppIcon;
				CLANG_ENABLE_MODULES = YES;
				CODE_SIGN_STYLE = Automatic;
				DEVELOPMENT_TEAM = J6K4D5R5JQ;
				IBSC_MODULE = scrolltest_WatchKit_Extension;
				INFOPLIST_FILE = "scrolltest WatchKit App/Info.plist";
				LD_RUNPATH_SEARCH_PATHS = "$(inherited) @executable_path/../Frameworks @loader_path/../Frameworks";
				PRODUCT_BUNDLE_IDENTIFIER = com.willbishop.scrolltest.watchkitapp;
				PRODUCT_NAME = "$(TARGET_NAME)";
				SDKROOT = watchos;
				SKIP_INSTALL = YES;
				SWIFT_OBJC_BRIDGING_HEADER = "scrolltest WatchKit App/scrolltest WatchKit App-Bridging-Header.h";
				SWIFT_VERSION = 4.0;
				TARGETED_DEVICE_FAMILY = 4;
				WATCHOS_DEPLOYMENT_TARGET = 4.2;
			};
			name = Release;
		};
		BEC83966202DB7B8006A1B83 /* Debug */ = {
			isa = XCBuildConfiguration;
			buildSettings = {
				ASSETCATALOG_COMPILER_APPICON_NAME = AppIcon;
				CODE_SIGN_STYLE = Automatic;
				DEVELOPMENT_TEAM = J6K4D5R5JQ;
				INFOPLIST_FILE = scrolltest/Info.plist;
				IPHONEOS_DEPLOYMENT_TARGET = 11.0;
				LD_RUNPATH_SEARCH_PATHS = "$(inherited) @executable_path/Frameworks";
				PRODUCT_BUNDLE_IDENTIFIER = com.willbishop.scrolltest;
				PRODUCT_NAME = "$(TARGET_NAME)";
				SWIFT_VERSION = 4.0;
				TARGETED_DEVICE_FAMILY = "1,2";
			};
			name = Debug;
		};
		BEC83967202DB7B8006A1B83 /* Release */ = {
			isa = XCBuildConfiguration;
			buildSettings = {
				ASSETCATALOG_COMPILER_APPICON_NAME = AppIcon;
				CODE_SIGN_STYLE = Automatic;
				DEVELOPMENT_TEAM = J6K4D5R5JQ;
				INFOPLIST_FILE = scrolltest/Info.plist;
				IPHONEOS_DEPLOYMENT_TARGET = 11.0;
				LD_RUNPATH_SEARCH_PATHS = "$(inherited) @executable_path/Frameworks";
				PRODUCT_BUNDLE_IDENTIFIER = com.willbishop.scrolltest;
				PRODUCT_NAME = "$(TARGET_NAME)";
				SWIFT_VERSION = 4.0;
				TARGETED_DEVICE_FAMILY = "1,2";
			};
			name = Release;
		};
		BEC83969202DB7B8006A1B83 /* Debug */ = {
			isa = XCBuildConfiguration;
			buildSettings = {
				ALWAYS_EMBED_SWIFT_STANDARD_LIBRARIES = YES;
				BUNDLE_LOADER = "$(TEST_HOST)";
				CODE_SIGN_STYLE = Automatic;
				DEVELOPMENT_TEAM = J6K4D5R5JQ;
				INFOPLIST_FILE = scrolltestTests/Info.plist;
				LD_RUNPATH_SEARCH_PATHS = "$(inherited) @executable_path/Frameworks @loader_path/Frameworks";
				PRODUCT_BUNDLE_IDENTIFIER = com.willbishop.scrolltestTests;
				PRODUCT_NAME = "$(TARGET_NAME)";
				SWIFT_VERSION = 4.0;
				TARGETED_DEVICE_FAMILY = "1,2";
				TEST_HOST = "$(BUILT_PRODUCTS_DIR)/scrolltest.app/scrolltest";
			};
			name = Debug;
		};
		BEC8396A202DB7B8006A1B83 /* Release */ = {
			isa = XCBuildConfiguration;
			buildSettings = {
				ALWAYS_EMBED_SWIFT_STANDARD_LIBRARIES = YES;
				BUNDLE_LOADER = "$(TEST_HOST)";
				CODE_SIGN_STYLE = Automatic;
				DEVELOPMENT_TEAM = J6K4D5R5JQ;
				INFOPLIST_FILE = scrolltestTests/Info.plist;
				LD_RUNPATH_SEARCH_PATHS = "$(inherited) @executable_path/Frameworks @loader_path/Frameworks";
				PRODUCT_BUNDLE_IDENTIFIER = com.willbishop.scrolltestTests;
				PRODUCT_NAME = "$(TARGET_NAME)";
				SWIFT_VERSION = 4.0;
				TARGETED_DEVICE_FAMILY = "1,2";
				TEST_HOST = "$(BUILT_PRODUCTS_DIR)/scrolltest.app/scrolltest";
			};
			name = Release;
		};
		BEC8396C202DB7B8006A1B83 /* Debug */ = {
			isa = XCBuildConfiguration;
			buildSettings = {
				ALWAYS_EMBED_SWIFT_STANDARD_LIBRARIES = YES;
				CODE_SIGN_STYLE = Automatic;
				DEVELOPMENT_TEAM = J6K4D5R5JQ;
				INFOPLIST_FILE = scrolltestUITests/Info.plist;
				LD_RUNPATH_SEARCH_PATHS = "$(inherited) @executable_path/Frameworks @loader_path/Frameworks";
				PRODUCT_BUNDLE_IDENTIFIER = com.willbishop.scrolltestUITests;
				PRODUCT_NAME = "$(TARGET_NAME)";
				SWIFT_VERSION = 4.0;
				TARGETED_DEVICE_FAMILY = "1,2";
				TEST_TARGET_NAME = scrolltest;
			};
			name = Debug;
		};
		BEC8396D202DB7B8006A1B83 /* Release */ = {
			isa = XCBuildConfiguration;
			buildSettings = {
				ALWAYS_EMBED_SWIFT_STANDARD_LIBRARIES = YES;
				CODE_SIGN_STYLE = Automatic;
				DEVELOPMENT_TEAM = J6K4D5R5JQ;
				INFOPLIST_FILE = scrolltestUITests/Info.plist;
				LD_RUNPATH_SEARCH_PATHS = "$(inherited) @executable_path/Frameworks @loader_path/Frameworks";
				PRODUCT_BUNDLE_IDENTIFIER = com.willbishop.scrolltestUITests;
				PRODUCT_NAME = "$(TARGET_NAME)";
				SWIFT_VERSION = 4.0;
				TARGETED_DEVICE_FAMILY = "1,2";
				TEST_TARGET_NAME = scrolltest;
			};
			name = Release;
		};
/* End XCBuildConfiguration section */

/* Begin XCConfigurationList section */
		BEC83910202DB7B7006A1B83 /* Build configuration list for PBXProject "scrolltest" */ = {
			isa = XCConfigurationList;
			buildConfigurations = (
				BEC8395B202DB7B8006A1B83 /* Debug */,
				BEC8395C202DB7B8006A1B83 /* Release */,
			);
			defaultConfigurationIsVisible = 0;
			defaultConfigurationName = Release;
		};
		BEC8395D202DB7B8006A1B83 /* Build configuration list for PBXNativeTarget "scrolltest WatchKit Extension" */ = {
			isa = XCConfigurationList;
			buildConfigurations = (
				BEC8395E202DB7B8006A1B83 /* Debug */,
				BEC8395F202DB7B8006A1B83 /* Release */,
			);
			defaultConfigurationIsVisible = 0;
			defaultConfigurationName = Release;
		};
		BEC83961202DB7B8006A1B83 /* Build configuration list for PBXNativeTarget "scrolltest WatchKit App" */ = {
			isa = XCConfigurationList;
			buildConfigurations = (
				BEC83962202DB7B8006A1B83 /* Debug */,
				BEC83963202DB7B8006A1B83 /* Release */,
			);
			defaultConfigurationIsVisible = 0;
			defaultConfigurationName = Release;
		};
		BEC83965202DB7B8006A1B83 /* Build configuration list for PBXNativeTarget "scrolltest" */ = {
			isa = XCConfigurationList;
			buildConfigurations = (
				BEC83966202DB7B8006A1B83 /* Debug */,
				BEC83967202DB7B8006A1B83 /* Release */,
			);
			defaultConfigurationIsVisible = 0;
			defaultConfigurationName = Release;
		};
		BEC83968202DB7B8006A1B83 /* Build configuration list for PBXNativeTarget "scrolltestTests" */ = {
			isa = XCConfigurationList;
			buildConfigurations = (
				BEC83969202DB7B8006A1B83 /* Debug */,
				BEC8396A202DB7B8006A1B83 /* Release */,
			);
			defaultConfigurationIsVisible = 0;
			defaultConfigurationName = Release;
		};
		BEC8396B202DB7B8006A1B83 /* Build configuration list for PBXNativeTarget "scrolltestUITests" */ = {
			isa = XCConfigurationList;
			buildConfigurations = (
				BEC8396C202DB7B8006A1B83 /* Debug */,
				BEC8396D202DB7B8006A1B83 /* Release */,
			);
			defaultConfigurationIsVisible = 0;
			defaultConfigurationName = Release;
		};
/* End XCConfigurationList section */
	};
	rootObject = BEC8390D202DB7B7006A1B83 /* Project object */;
}
